
Microsoft Visual Studio Solution File, Format Version 12.00
# Visual Studio Version 17
VisualStudioVersion = 17.2.32616.157
MinimumVisualStudioVersion = 10.0.40219.1
Project("{FAE04EC0-301F-11D3-BF4B-00C04F79EFBC}") = "AwsAssignment", "AwsAssignment\AwsAssignment.csproj", "{1D623FCB-7A84-441B-97FA-B3BC616DD8A2}"
EndProject
Global
	GlobalSection(SolutionConfigurationPlatforms) = preSolution
		Debug|Any CPU = Debug|Any CPU
		Release|Any CPU = Release|Any CPU
	EndGlobalSection
	GlobalSection(ProjectConfigurationPlatforms) = postSolution
		{1D623FCB-7A84-441B-97FA-B3BC616DD8A2}.Debug|Any CPU.ActiveCfg = Debug|Any CPU
		{1D623FCB-7A84-441B-97FA-B3BC616DD8A2}.Debug|Any CPU.Build.0 = Debug|Any CPU
		{1D623FCB-7A84-441B-97FA-B3BC616DD8A2}.Release|Any CPU.ActiveCfg = Release|Any CPU
		{1D623FCB-7A84-441B-97FA-B3BC616DD8A2}.Release|Any CPU.Build.0 = Release|Any CPU
	EndGlobalSection
	GlobalSection(SolutionProperties) = preSolution
		HideSolutionNode = FALSE
	EndGlobalSection
	GlobalSection(ExtensibilityGlobals) = postSolution
		SolutionGuid = {FEA57BAF-2A49-4129-A5B2-91F449F08D34}
	EndGlobalSection
EndGlobal
